
Microsoft Visual Studio Solution File, Format Version 12.00
# Visual Studio Version 17
VisualStudioVersion = 17.10.35122.118
MinimumVisualStudioVersion = 10.0.40219.1
Project("{9A19103F-16F7-4668-BE54-9A1E7A4F7556}") = "LibraryMGMT", "LibraryMGMT\LibraryMGMT.csproj", "{BBE5EB61-9E24-455D-8DD5-540C90F8DCE9}"
EndProject
Global
	GlobalSection(SolutionConfigurationPlatforms) = preSolution
		Debug|Any CPU = Debug|Any CPU
		Release|Any CPU = Release|Any CPU
	EndGlobalSection
	GlobalSection(ProjectConfigurationPlatforms) = postSolution
		{BBE5EB61-9E24-455D-8DD5-540C90F8DCE9}.Debug|Any CPU.ActiveCfg = Debug|Any CPU
		{BBE5EB61-9E24-455D-8DD5-540C90F8DCE9}.Debug|Any CPU.Build.0 = Debug|Any CPU
		{BBE5EB61-9E24-455D-8DD5-540C90F8DCE9}.Release|Any CPU.ActiveCfg = Release|Any CPU
		{BBE5EB61-9E24-455D-8DD5-540C90F8DCE9}.Release|Any CPU.Build.0 = Release|Any CPU
	EndGlobalSection
	GlobalSection(SolutionProperties) = preSolution
		HideSolutionNode = FALSE
	EndGlobalSection
	GlobalSection(ExtensibilityGlobals) = postSolution
		SolutionGuid = {E4CD28B1-A18D-432C-8FFA-6DA590197A5B}
	EndGlobalSection
EndGlobal
